
Microsoft Visual Studio Solution File, Format Version 12.00
# Visual Studio 2012
Project("{FAE04EC0-301F-11D3-BF4B-00C04F79EFBC}") = "BLOT-ONLINE", "BLOT-ONLINE\BLOT-ONLINE.csproj", "{C698A7C2-982A-4D37-8C8A-BFED775EFBE7}"
EndProject
Global
	GlobalSection(SolutionConfigurationPlatforms) = preSolution
		Debug|iPhoneSimulator = Debug|iPhoneSimulator
		Release|iPhone = Release|iPhone
		Release|iPhoneSimulator = Release|iPhoneSimulator
		Debug|iPhone = Debug|iPhone
	EndGlobalSection
	GlobalSection(ProjectConfigurationPlatforms) = postSolution
		{C698A7C2-982A-4D37-8C8A-BFED775EFBE7}.Debug|iPhone.ActiveCfg = Debug|iPhone
		{C698A7C2-982A-4D37-8C8A-BFED775EFBE7}.Debug|iPhone.Build.0 = Debug|iPhone
		{C698A7C2-982A-4D37-8C8A-BFED775EFBE7}.Debug|iPhoneSimulator.ActiveCfg = Debug|iPhoneSimulator
		{C698A7C2-982A-4D37-8C8A-BFED775EFBE7}.Debug|iPhoneSimulator.Build.0 = Debug|iPhoneSimulator
		{C698A7C2-982A-4D37-8C8A-BFED775EFBE7}.Release|iPhone.ActiveCfg = Release|iPhone
		{C698A7C2-982A-4D37-8C8A-BFED775EFBE7}.Release|iPhone.Build.0 = Release|iPhone
		{C698A7C2-982A-4D37-8C8A-BFED775EFBE7}.Release|iPhoneSimulator.ActiveCfg = Release|iPhoneSimulator
		{C698A7C2-982A-4D37-8C8A-BFED775EFBE7}.Release|iPhoneSimulator.Build.0 = Release|iPhoneSimulator
	EndGlobalSection
EndGlobal
